
Microsoft Visual Studio Solution File, Format Version 11.00
# Visual C# Express 2010
Project("{FAE04EC0-301F-11D3-BF4B-00C04F79EFBC}") = "Pruebadegetsetydemas", "Pruebadegetsetydemas\Pruebadegetsetydemas.csproj", "{467F3442-DF15-4679-B6C4-93AF7C322C87}"
EndProject
Global
	GlobalSection(SolutionConfigurationPlatforms) = preSolution
		Debug|x86 = Debug|x86
		Release|x86 = Release|x86
	EndGlobalSection
	GlobalSection(ProjectConfigurationPlatforms) = postSolution
		{467F3442-DF15-4679-B6C4-93AF7C322C87}.Debug|x86.ActiveCfg = Debug|x86
		{467F3442-DF15-4679-B6C4-93AF7C322C87}.Debug|x86.Build.0 = Debug|x86
		{467F3442-DF15-4679-B6C4-93AF7C322C87}.Release|x86.ActiveCfg = Release|x86
		{467F3442-DF15-4679-B6C4-93AF7C322C87}.Release|x86.Build.0 = Release|x86
	EndGlobalSection
	GlobalSection(SolutionProperties) = preSolution
		HideSolutionNode = FALSE
	EndGlobalSection
EndGlobal
